
Microsoft Visual Studio Solution File, Format Version 12.00
# Visual Studio Version 17
VisualStudioVersion = 17.0.31903.59
MinimumVisualStudioVersion = 10.0.40219.1
Project("{9A19103F-16F7-4668-BE54-9A1E7A4F7556}") = "AS1", "AS1\AS1.csproj", "{D06F6FAF-5F5C-450E-80A1-31B69B769F0D}"
EndProject
Global
	GlobalSection(SolutionConfigurationPlatforms) = preSolution
		Debug|Any CPU = Debug|Any CPU
		Release|Any CPU = Release|Any CPU
	EndGlobalSection
	GlobalSection(ProjectConfigurationPlatforms) = postSolution
		{D06F6FAF-5F5C-450E-80A1-31B69B769F0D}.Debug|Any CPU.ActiveCfg = Debug|Any CPU
		{D06F6FAF-5F5C-450E-80A1-31B69B769F0D}.Debug|Any CPU.Build.0 = Debug|Any CPU
		{D06F6FAF-5F5C-450E-80A1-31B69B769F0D}.Release|Any CPU.ActiveCfg = Release|Any CPU
		{D06F6FAF-5F5C-450E-80A1-31B69B769F0D}.Release|Any CPU.Build.0 = Release|Any CPU
	EndGlobalSection
	GlobalSection(SolutionProperties) = preSolution
		HideSolutionNode = FALSE
	EndGlobalSection
	GlobalSection(ExtensibilityGlobals) = postSolution
		SolutionGuid = {CDBD712D-E28C-4A4A-9B8D-19979F054B80}
	EndGlobalSection
EndGlobal
